
Microsoft Visual Studio Solution File, Format Version 12.00
# Visual Studio Version 17
VisualStudioVersion = 17.3.32901.215
MinimumVisualStudioVersion = 10.0.40219.1
Project("{FAE04EC0-301F-11D3-BF4B-00C04F79EFBC}") = "Dolgozathelloooooo", "Dolgozathelloooooo\Dolgozathelloooooo.csproj", "{BBA8F43B-0D56-4D26-B7F3-2F0C5A150D2D}"
EndProject
Global
	GlobalSection(SolutionConfigurationPlatforms) = preSolution
		Debug|Any CPU = Debug|Any CPU
		Release|Any CPU = Release|Any CPU
	EndGlobalSection
	GlobalSection(ProjectConfigurationPlatforms) = postSolution
		{BBA8F43B-0D56-4D26-B7F3-2F0C5A150D2D}.Debug|Any CPU.ActiveCfg = Debug|Any CPU
		{BBA8F43B-0D56-4D26-B7F3-2F0C5A150D2D}.Debug|Any CPU.Build.0 = Debug|Any CPU
		{BBA8F43B-0D56-4D26-B7F3-2F0C5A150D2D}.Release|Any CPU.ActiveCfg = Release|Any CPU
		{BBA8F43B-0D56-4D26-B7F3-2F0C5A150D2D}.Release|Any CPU.Build.0 = Release|Any CPU
	EndGlobalSection
	GlobalSection(SolutionProperties) = preSolution
		HideSolutionNode = FALSE
	EndGlobalSection
	GlobalSection(ExtensibilityGlobals) = postSolution
		SolutionGuid = {AFB2AEF6-5BF4-49A3-A9D6-EA95C36E5B28}
	EndGlobalSection
EndGlobal
